
Microsoft Visual Studio Solution File, Format Version 12.00
# Visual Studio 14
VisualStudioVersion = 14.0.25123.0
MinimumVisualStudioVersion = 10.0.40219.1
Project("{2150E333-8FDC-42A3-9474-1A3956D46DE8}") = "1 - Numeros aleatorios", "1 - Numeros aleatorios", "{46E2254C-30E2-44D7-ADFE-1CD7A6F077F2}"
EndProject
Project("{FAE04EC0-301F-11D3-BF4B-00C04F79EFBC}") = "RamdomNumbers", "src\RamdomNumbers\RamdomNumbers.csproj", "{AC13E925-8613-438E-A096-F6CD4D7AEAE3}"
EndProject
Project("{FAE04EC0-301F-11D3-BF4B-00C04F79EFBC}") = "HashingAlgorithms", "src\HashingAlgorithms\HashingAlgorithms.csproj", "{C08352B1-3B62-4ABA-9B6D-5B6030941FCC}"
EndProject
Project("{FAE04EC0-301F-11D3-BF4B-00C04F79EFBC}") = "MessageAuthentication", "src\MessageAuthentication\MessageAuthentication.csproj", "{08680A12-F972-4FAF-AA08-0CEFA0BD4903}"
EndProject
Project("{FAE04EC0-301F-11D3-BF4B-00C04F79EFBC}") = "PasswordStorage", "src\PasswordStorage\PasswordStorage.csproj", "{CAE41288-DBDF-44BF-BD88-2042DFDC4919}"
EndProject
Project("{FAE04EC0-301F-11D3-BF4B-00C04F79EFBC}") = "PasswordDerivationFunctions", "src\PasswordDerivationFunctions\PasswordDerivationFunctions.csproj", "{F7E6251B-3C38-400B-BF60-382D77BDC565}"
EndProject
Project("{FAE04EC0-301F-11D3-BF4B-00C04F79EFBC}") = "DES", "src\DataEncryotionStandard\DES.csproj", "{12D2EE51-BB01-445D-829E-1DC4CF3242AE}"
EndProject
Project("{FAE04EC0-301F-11D3-BF4B-00C04F79EFBC}") = "AES", "src\AES\AES.csproj", "{3C505A31-F414-4233-B0B5-A70B940D21F0}"
EndProject
Project("{FAE04EC0-301F-11D3-BF4B-00C04F79EFBC}") = "TripleDES", "src\TripleDES\TripleDES.csproj", "{286A327D-EB23-441C-8D1A-5596ADF8DD18}"
EndProject
Project("{2150E333-8FDC-42A3-9474-1A3956D46DE8}") = "3 - Criptografia Simetrica", "3 - Criptografia Simetrica", "{268265D7-A368-42BC-9542-5514938BB173}"
EndProject
Project("{2150E333-8FDC-42A3-9474-1A3956D46DE8}") = "2 - Hash", "2 - Hash", "{1EC33CCF-99A1-4BC8-845E-A98D4BF8EDA5}"
EndProject
Project("{2150E333-8FDC-42A3-9474-1A3956D46DE8}") = "4 - Criptografia Assimetrica", "4 - Criptografia Assimetrica", "{2EAE910F-6929-43A3-A1B9-6FFFA2E81E8B}"
EndProject
Project("{FAE04EC0-301F-11D3-BF4B-00C04F79EFBC}") = "RSA", "src\RSA\RSA.csproj", "{86598D7F-1D31-4615-9A72-BC5A698578E6}"
EndProject
Project("{FAE04EC0-301F-11D3-BF4B-00C04F79EFBC}") = "Hydrido", "src\Hydrido\Hydrido.csproj", "{81416697-8CE9-40E1-B9E5-A90C3667C9C6}"
EndProject
Project("{2150E333-8FDC-42A3-9474-1A3956D46DE8}") = "5 - Assinatura Digital", "5 - Assinatura Digital", "{BF213315-E978-4FD3-8BB4-0A9CA2E6F1D1}"
EndProject
Project("{FAE04EC0-301F-11D3-BF4B-00C04F79EFBC}") = "DigitalSignature", "src\DigitalSignature\DigitalSignature.csproj", "{ED813487-F69C-4767-9A8E-ABB39CABD48F}"
EndProject
Project("{FAE04EC0-301F-11D3-BF4B-00C04F79EFBC}") = "HybridWithIntegrity", "src\HybridWithIntegrity\HybridWithIntegrity.csproj", "{6BBD9DBE-2793-4EC9-BB58-E61B5DEED70E}"
EndProject
Global
	GlobalSection(SolutionConfigurationPlatforms) = preSolution
		Debug|Any CPU = Debug|Any CPU
		Release|Any CPU = Release|Any CPU
	EndGlobalSection
	GlobalSection(ProjectConfigurationPlatforms) = postSolution
		{AC13E925-8613-438E-A096-F6CD4D7AEAE3}.Debug|Any CPU.ActiveCfg = Debug|Any CPU
		{AC13E925-8613-438E-A096-F6CD4D7AEAE3}.Debug|Any CPU.Build.0 = Debug|Any CPU
		{AC13E925-8613-438E-A096-F6CD4D7AEAE3}.Release|Any CPU.ActiveCfg = Release|Any CPU
		{AC13E925-8613-438E-A096-F6CD4D7AEAE3}.Release|Any CPU.Build.0 = Release|Any CPU
		{C08352B1-3B62-4ABA-9B6D-5B6030941FCC}.Debug|Any CPU.ActiveCfg = Debug|Any CPU
		{C08352B1-3B62-4ABA-9B6D-5B6030941FCC}.Debug|Any CPU.Build.0 = Debug|Any CPU
		{C08352B1-3B62-4ABA-9B6D-5B6030941FCC}.Release|Any CPU.ActiveCfg = Release|Any CPU
		{C08352B1-3B62-4ABA-9B6D-5B6030941FCC}.Release|Any CPU.Build.0 = Release|Any CPU
		{08680A12-F972-4FAF-AA08-0CEFA0BD4903}.Debug|Any CPU.ActiveCfg = Debug|Any CPU
		{08680A12-F972-4FAF-AA08-0CEFA0BD4903}.Debug|Any CPU.Build.0 = Debug|Any CPU
		{08680A12-F972-4FAF-AA08-0CEFA0BD4903}.Release|Any CPU.ActiveCfg = Release|Any CPU
		{08680A12-F972-4FAF-AA08-0CEFA0BD4903}.Release|Any CPU.Build.0 = Release|Any CPU
		{CAE41288-DBDF-44BF-BD88-2042DFDC4919}.Debug|Any CPU.ActiveCfg = Debug|Any CPU
		{CAE41288-DBDF-44BF-BD88-2042DFDC4919}.Debug|Any CPU.Build.0 = Debug|Any CPU
		{CAE41288-DBDF-44BF-BD88-2042DFDC4919}.Release|Any CPU.ActiveCfg = Release|Any CPU
		{CAE41288-DBDF-44BF-BD88-2042DFDC4919}.Release|Any CPU.Build.0 = Release|Any CPU
		{F7E6251B-3C38-400B-BF60-382D77BDC565}.Debug|Any CPU.ActiveCfg = Debug|Any CPU
		{F7E6251B-3C38-400B-BF60-382D77BDC565}.Debug|Any CPU.Build.0 = Debug|Any CPU
		{F7E6251B-3C38-400B-BF60-382D77BDC565}.Release|Any CPU.ActiveCfg = Release|Any CPU
		{F7E6251B-3C38-400B-BF60-382D77BDC565}.Release|Any CPU.Build.0 = Release|Any CPU
		{12D2EE51-BB01-445D-829E-1DC4CF3242AE}.Debug|Any CPU.ActiveCfg = Debug|Any CPU
		{12D2EE51-BB01-445D-829E-1DC4CF3242AE}.Debug|Any CPU.Build.0 = Debug|Any CPU
		{12D2EE51-BB01-445D-829E-1DC4CF3242AE}.Release|Any CPU.ActiveCfg = Release|Any CPU
		{12D2EE51-BB01-445D-829E-1DC4CF3242AE}.Release|Any CPU.Build.0 = Release|Any CPU
		{3C505A31-F414-4233-B0B5-A70B940D21F0}.Debug|Any CPU.ActiveCfg = Debug|Any CPU
		{3C505A31-F414-4233-B0B5-A70B940D21F0}.Debug|Any CPU.Build.0 = Debug|Any CPU
		{3C505A31-F414-4233-B0B5-A70B940D21F0}.Release|Any CPU.ActiveCfg = Release|Any CPU
		{3C505A31-F414-4233-B0B5-A70B940D21F0}.Release|Any CPU.Build.0 = Release|Any CPU
		{286A327D-EB23-441C-8D1A-5596ADF8DD18}.Debug|Any CPU.ActiveCfg = Debug|Any CPU
		{286A327D-EB23-441C-8D1A-5596ADF8DD18}.Debug|Any CPU.Build.0 = Debug|Any CPU
		{286A327D-EB23-441C-8D1A-5596ADF8DD18}.Release|Any CPU.ActiveCfg = Release|Any CPU
		{286A327D-EB23-441C-8D1A-5596ADF8DD18}.Release|Any CPU.Build.0 = Release|Any CPU
		{86598D7F-1D31-4615-9A72-BC5A698578E6}.Debug|Any CPU.ActiveCfg = Debug|Any CPU
		{86598D7F-1D31-4615-9A72-BC5A698578E6}.Debug|Any CPU.Build.0 = Debug|Any CPU
		{86598D7F-1D31-4615-9A72-BC5A698578E6}.Release|Any CPU.ActiveCfg = Release|Any CPU
		{86598D7F-1D31-4615-9A72-BC5A698578E6}.Release|Any CPU.Build.0 = Release|Any CPU
		{81416697-8CE9-40E1-B9E5-A90C3667C9C6}.Debug|Any CPU.ActiveCfg = Debug|Any CPU
		{81416697-8CE9-40E1-B9E5-A90C3667C9C6}.Debug|Any CPU.Build.0 = Debug|Any CPU
		{81416697-8CE9-40E1-B9E5-A90C3667C9C6}.Release|Any CPU.ActiveCfg = Release|Any CPU
		{81416697-8CE9-40E1-B9E5-A90C3667C9C6}.Release|Any CPU.Build.0 = Release|Any CPU
		{ED813487-F69C-4767-9A8E-ABB39CABD48F}.Debug|Any CPU.ActiveCfg = Debug|Any CPU
		{ED813487-F69C-4767-9A8E-ABB39CABD48F}.Debug|Any CPU.Build.0 = Debug|Any CPU
		{ED813487-F69C-4767-9A8E-ABB39CABD48F}.Release|Any CPU.ActiveCfg = Release|Any CPU
		{ED813487-F69C-4767-9A8E-ABB39CABD48F}.Release|Any CPU.Build.0 = Release|Any CPU
		{6BBD9DBE-2793-4EC9-BB58-E61B5DEED70E}.Debug|Any CPU.ActiveCfg = Debug|Any CPU
		{6BBD9DBE-2793-4EC9-BB58-E61B5DEED70E}.Debug|Any CPU.Build.0 = Debug|Any CPU
		{6BBD9DBE-2793-4EC9-BB58-E61B5DEED70E}.Release|Any CPU.ActiveCfg = Release|Any CPU
		{6BBD9DBE-2793-4EC9-BB58-E61B5DEED70E}.Release|Any CPU.Build.0 = Release|Any CPU
	EndGlobalSection
	GlobalSection(SolutionProperties) = preSolution
		HideSolutionNode = FALSE
	EndGlobalSection
	GlobalSection(NestedProjects) = preSolution
		{AC13E925-8613-438E-A096-F6CD4D7AEAE3} = {46E2254C-30E2-44D7-ADFE-1CD7A6F077F2}
		{C08352B1-3B62-4ABA-9B6D-5B6030941FCC} = {1EC33CCF-99A1-4BC8-845E-A98D4BF8EDA5}
		{08680A12-F972-4FAF-AA08-0CEFA0BD4903} = {1EC33CCF-99A1-4BC8-845E-A98D4BF8EDA5}
		{CAE41288-DBDF-44BF-BD88-2042DFDC4919} = {1EC33CCF-99A1-4BC8-845E-A98D4BF8EDA5}
		{F7E6251B-3C38-400B-BF60-382D77BDC565} = {1EC33CCF-99A1-4BC8-845E-A98D4BF8EDA5}
		{12D2EE51-BB01-445D-829E-1DC4CF3242AE} = {268265D7-A368-42BC-9542-5514938BB173}
		{3C505A31-F414-4233-B0B5-A70B940D21F0} = {268265D7-A368-42BC-9542-5514938BB173}
		{286A327D-EB23-441C-8D1A-5596ADF8DD18} = {268265D7-A368-42BC-9542-5514938BB173}
		{86598D7F-1D31-4615-9A72-BC5A698578E6} = {2EAE910F-6929-43A3-A1B9-6FFFA2E81E8B}
		{81416697-8CE9-40E1-B9E5-A90C3667C9C6} = {2EAE910F-6929-43A3-A1B9-6FFFA2E81E8B}
		{ED813487-F69C-4767-9A8E-ABB39CABD48F} = {BF213315-E978-4FD3-8BB4-0A9CA2E6F1D1}
		{6BBD9DBE-2793-4EC9-BB58-E61B5DEED70E} = {2EAE910F-6929-43A3-A1B9-6FFFA2E81E8B}
	EndGlobalSection
EndGlobal
